
Microsoft Visual Studio Solution File, Format Version 12.00
# Visual Studio Version 17
VisualStudioVersion = 17.5.002.0
MinimumVisualStudioVersion = 10.0.40219.1
Project("{9A19103F-16F7-4668-BE54-9A1E7A4F7556}") = "demoMVC", "demoMVC\demoMVC.csproj", "{2BB21EDF-831E-4476-9D63-F3DB02F058CA}"
EndProject
Project("{2150E333-8FDC-42A3-9474-1A3956D46DE8}") = "html", "html", "{C9214855-1E05-4650-9329-F28658BB555D}"
EndProject
Project("{9A19103F-16F7-4668-BE54-9A1E7A4F7556}") = "FirstWebMVC", "html\FirstWebMVC\FirstWebMVC.csproj", "{4087F9D9-5FD4-4850-BA49-8F12FE4B5FE4}"
EndProject
Project("{9A19103F-16F7-4668-BE54-9A1E7A4F7556}") = "NewApp", "html\NewApp\NewApp.csproj", "{B80CD860-E5A5-481C-9AF1-4EE2ABDC58BA}"
EndProject
Project("{2150E333-8FDC-42A3-9474-1A3956D46DE8}") = "Project", "Project", "{318DD8C5-F967-4932-A77D-4892234FE18A}"
EndProject
Project("{9A19103F-16F7-4668-BE54-9A1E7A4F7556}") = "McvApp", "Project\McvApp\McvApp.csproj", "{7BAE8A0A-6984-4A65-9D61-AC3CA2DE2A55}"
EndProject
Project("{9A19103F-16F7-4668-BE54-9A1E7A4F7556}") = "newApp", "Project\newApp\newApp.csproj", "{FC704F67-7E63-4BC0-87A1-933C26729D7A}"
EndProject
Global
	GlobalSection(SolutionConfigurationPlatforms) = preSolution
		Debug|Any CPU = Debug|Any CPU
		Release|Any CPU = Release|Any CPU
	EndGlobalSection
	GlobalSection(ProjectConfigurationPlatforms) = postSolution
		{2BB21EDF-831E-4476-9D63-F3DB02F058CA}.Debug|Any CPU.ActiveCfg = Debug|Any CPU
		{2BB21EDF-831E-4476-9D63-F3DB02F058CA}.Debug|Any CPU.Build.0 = Debug|Any CPU
		{2BB21EDF-831E-4476-9D63-F3DB02F058CA}.Release|Any CPU.ActiveCfg = Release|Any CPU
		{2BB21EDF-831E-4476-9D63-F3DB02F058CA}.Release|Any CPU.Build.0 = Release|Any CPU
		{4087F9D9-5FD4-4850-BA49-8F12FE4B5FE4}.Debug|Any CPU.ActiveCfg = Debug|Any CPU
		{4087F9D9-5FD4-4850-BA49-8F12FE4B5FE4}.Debug|Any CPU.Build.0 = Debug|Any CPU
		{4087F9D9-5FD4-4850-BA49-8F12FE4B5FE4}.Release|Any CPU.ActiveCfg = Release|Any CPU
		{4087F9D9-5FD4-4850-BA49-8F12FE4B5FE4}.Release|Any CPU.Build.0 = Release|Any CPU
		{B80CD860-E5A5-481C-9AF1-4EE2ABDC58BA}.Debug|Any CPU.ActiveCfg = Debug|Any CPU
		{B80CD860-E5A5-481C-9AF1-4EE2ABDC58BA}.Debug|Any CPU.Build.0 = Debug|Any CPU
		{B80CD860-E5A5-481C-9AF1-4EE2ABDC58BA}.Release|Any CPU.ActiveCfg = Release|Any CPU
		{B80CD860-E5A5-481C-9AF1-4EE2ABDC58BA}.Release|Any CPU.Build.0 = Release|Any CPU
		{7BAE8A0A-6984-4A65-9D61-AC3CA2DE2A55}.Debug|Any CPU.ActiveCfg = Debug|Any CPU
		{7BAE8A0A-6984-4A65-9D61-AC3CA2DE2A55}.Debug|Any CPU.Build.0 = Debug|Any CPU
		{7BAE8A0A-6984-4A65-9D61-AC3CA2DE2A55}.Release|Any CPU.ActiveCfg = Release|Any CPU
		{7BAE8A0A-6984-4A65-9D61-AC3CA2DE2A55}.Release|Any CPU.Build.0 = Release|Any CPU
		{FC704F67-7E63-4BC0-87A1-933C26729D7A}.Debug|Any CPU.ActiveCfg = Debug|Any CPU
		{FC704F67-7E63-4BC0-87A1-933C26729D7A}.Debug|Any CPU.Build.0 = Debug|Any CPU
		{FC704F67-7E63-4BC0-87A1-933C26729D7A}.Release|Any CPU.ActiveCfg = Release|Any CPU
		{FC704F67-7E63-4BC0-87A1-933C26729D7A}.Release|Any CPU.Build.0 = Release|Any CPU
	EndGlobalSection
	GlobalSection(SolutionProperties) = preSolution
		HideSolutionNode = FALSE
	EndGlobalSection
	GlobalSection(NestedProjects) = preSolution
		{4087F9D9-5FD4-4850-BA49-8F12FE4B5FE4} = {C9214855-1E05-4650-9329-F28658BB555D}
		{B80CD860-E5A5-481C-9AF1-4EE2ABDC58BA} = {C9214855-1E05-4650-9329-F28658BB555D}
		{7BAE8A0A-6984-4A65-9D61-AC3CA2DE2A55} = {318DD8C5-F967-4932-A77D-4892234FE18A}
		{FC704F67-7E63-4BC0-87A1-933C26729D7A} = {318DD8C5-F967-4932-A77D-4892234FE18A}
	EndGlobalSection
	GlobalSection(ExtensibilityGlobals) = postSolution
		SolutionGuid = {21CB7FF8-AF4D-4A05-AF43-F1F3260A2AEA}
	EndGlobalSection
EndGlobal
