
Microsoft Visual Studio Solution File, Format Version 12.00
# Visual Studio Version 17
VisualStudioVersion = 17.5.002.0
MinimumVisualStudioVersion = 10.0.40219.1
Project("{9A19103F-16F7-4668-BE54-9A1E7A4F7556}") = "WebMVC", "WebMVC.csproj", "{B31B9941-8AB5-49BB-8549-F35615B77F91}"
EndProject
Global
	GlobalSection(SolutionConfigurationPlatforms) = preSolution
		Debug|Any CPU = Debug|Any CPU
		Release|Any CPU = Release|Any CPU
	EndGlobalSection
	GlobalSection(ProjectConfigurationPlatforms) = postSolution
		{B31B9941-8AB5-49BB-8549-F35615B77F91}.Debug|Any CPU.ActiveCfg = Debug|Any CPU
		{B31B9941-8AB5-49BB-8549-F35615B77F91}.Debug|Any CPU.Build.0 = Debug|Any CPU
		{B31B9941-8AB5-49BB-8549-F35615B77F91}.Release|Any CPU.ActiveCfg = Release|Any CPU
		{B31B9941-8AB5-49BB-8549-F35615B77F91}.Release|Any CPU.Build.0 = Release|Any CPU
	EndGlobalSection
	GlobalSection(SolutionProperties) = preSolution
		HideSolutionNode = FALSE
	EndGlobalSection
	GlobalSection(ExtensibilityGlobals) = postSolution
		SolutionGuid = {8170FD0D-3D0B-4A33-B2F6-DA0E2D1CE507}
	EndGlobalSection
EndGlobal
